[root]
name = "rustcached"
version = "0.1.0"
dependencies = [
 "getopts 0.2.14 (registry+https://github.com/rust-lang/crates.io-index)",
 "nom 1.2.0 (registry+https://github.com/rust-lang/crates.io-index)",
 "regex 0.1.51 (registry+https://github.com/rust-lang/crates.io-index)",
 "time 0.1.34 (registry+https://github.com/rust-lang/crates.io-index)",
]

[[package]]
name = "aho-corasick"
version = "0.5.1"
source = "registry+https://github.com/rust-lang/crates.io-index"
dependencies = [
 "memchr 0.1.10 (registry+https://github.com/rust-lang/crates.io-index)",
]

[[package]]
name = "getopts"
version = "0.2.14"
source = "registry+https://github.com/rust-lang/crates.io-index"

[[package]]
name = "kernel32-sys"
version = "0.2.1"
source = "registry+https://github.com/rust-lang/crates.io-index"
dependencies = [
 "winapi 0.2.5 (registry+https://github.com/rust-lang/crates.io-index)",
 "winapi-build 0.1.1 (registry+https://github.com/rust-lang/crates.io-index)",
]

[[package]]
name = "libc"
version = "0.2.7"
source = "registry+https://github.com/rust-lang/crates.io-index"

[[package]]
name = "memchr"
version = "0.1.10"
source = "registry+https://github.com/rust-lang/crates.io-index"
dependencies = [
 "libc 0.2.7 (registry+https://github.com/rust-lang/crates.io-index)",
]

[[package]]
name = "nom"
version = "1.2.0"
source = "registry+https://github.com/rust-lang/crates.io-index"

[[package]]
name = "regex"
version = "0.1.51"
source = "registry+https://github.com/rust-lang/crates.io-index"
dependencies = [
 "aho-corasick 0.5.1 (registry+https://github.com/rust-lang/crates.io-index)",
 "memchr 0.1.10 (registry+https://github.com/rust-lang/crates.io-index)",
 "regex-syntax 0.2.3 (registry+https://github.com/rust-lang/crates.io-index)",
 "utf8-ranges 0.1.3 (registry+https://github.com/rust-lang/crates.io-index)",
]

[[package]]
name = "regex-syntax"
version = "0.2.3"
source = "registry+https://github.com/rust-lang/crates.io-index"

[[package]]
name = "time"
version = "0.1.34"
source = "registry+https://github.com/rust-lang/crates.io-index"
dependencies = [
 "kernel32-sys 0.2.1 (registry+https://github.com/rust-lang/crates.io-index)",
 "libc 0.2.7 (registry+https://github.com/rust-lang/crates.io-index)",
 "winapi 0.2.5 (registry+https://github.com/rust-lang/crates.io-index)",
]

[[package]]
name = "utf8-ranges"
version = "0.1.3"
source = "registry+https://github.com/rust-lang/crates.io-index"

[[package]]
name = "winapi"
version = "0.2.5"
source = "registry+https://github.com/rust-lang/crates.io-index"

[[package]]
name = "winapi-build"
version = "0.1.1"
source = "registry+https://github.com/rust-lang/crates.io-index"

[metadata]
"checksum aho-corasick 0.5.1 (registry+https://github.com/rust-lang/crates.io-index)" = "67077478f0a03952bed2e6786338d400d40c25e9836e08ad50af96607317fd03"
"checksum getopts 0.2.14 (registry+https://github.com/rust-lang/crates.io-index)" = "d9047cfbd08a437050b363d35ef160452c5fe8ea5187ae0a624708c91581d685"
"checksum kernel32-sys 0.2.1 (registry+https://github.com/rust-lang/crates.io-index)" = "b5b5e7edf375e6d26243bde172f1d5ed1446f4a766fc9b7006e1fd27258243f1"
"checksum libc 0.2.7 (registry+https://github.com/rust-lang/crates.io-index)" = "4870ef6725dde13394134e587e4ab4eca13cb92e916209a31c851b49131d3c75"
"checksum memchr 0.1.10 (registry+https://github.com/rust-lang/crates.io-index)" = "c98adb597263e245c6ffe48dc50d338b51acb8cc53e8e7b3e9c21f53c0a411cb"
"checksum nom 1.2.0 (registry+https://github.com/rust-lang/crates.io-index)" = "e42f16eeab9fa9016ee8cc188b79dba1960d593829774bdf08d6427f6f633b3e"
"checksum regex 0.1.51 (registry+https://github.com/rust-lang/crates.io-index)" = "c4b76a82d16f544922bc4320431ecf6043de96dd6d8170b512f2166980d21c2a"
"checksum regex-syntax 0.2.3 (registry+https://github.com/rust-lang/crates.io-index)" = "4709795985026c1bbc564281be0d7096cd63720923db6a469a8f80ed04a75bb0"
"checksum time 0.1.34 (registry+https://github.com/rust-lang/crates.io-index)" = "8c4aeaa1c95974f5763c3a5ac0db95a19793589bcea5d22e161b5587e3aad029"
"checksum utf8-ranges 0.1.3 (registry+https://github.com/rust-lang/crates.io-index)" = "a1ca13c08c41c9c3e04224ed9ff80461d97e121589ff27c753a16cb10830ae0f"
"checksum winapi 0.2.5 (registry+https://github.com/rust-lang/crates.io-index)" = "dc3583688b861fcd83c2823d37cf2cd2446c233dd7ba3f97884d1a7302817537"
"checksum winapi-build 0.1.1 (registry+https://github.com/rust-lang/crates.io-index)" = "2d315eee3b34aca4797b2da6b13ed88266e6d612562a0c46390af8299fc699bc"
